
Microsoft Visual Studio Solution File, Format Version 12.00
# Visual Studio Version 17
VisualStudioVersion = 17.2.32630.192
MinimumVisualStudioVersion = 10.0.40219.1
Project("{FAE04EC0-301F-11D3-BF4B-00C04F79EFBC}") = "AutoGlass_DDD", "AutoGlass_DDD\AutoGlass_DDD.csproj", "{226E123A-6DAF-46EB-817B-3C5351F423BB}"
EndProject
Project("{2150E333-8FDC-42A3-9474-1A3956D46DE8}") = "src", "src", "{394BDB71-8054-49AD-A81D-D75BE296E8B3}"
EndProject
Project("{2150E333-8FDC-42A3-9474-1A3956D46DE8}") = "Domain", "Domain", "{703CCE44-02DF-4E7D-B455-8D44F64EDDB6}"
EndProject
Project("{FAE04EC0-301F-11D3-BF4B-00C04F79EFBC}") = "DDD.Domain", "DDD.Domain\DDD.Domain.csproj", "{D4E38B01-FD06-4EFA-A9D6-2D9D690847AB}"
EndProject
Project("{FAE04EC0-301F-11D3-BF4B-00C04F79EFBC}") = "DDD.Domain.Core", "DDD.Domain.Core\DDD.Domain.Core.csproj", "{8A1215B4-0DC2-46EA-86B4-A8B17F9DE1DC}"
EndProject
Project("{2150E333-8FDC-42A3-9474-1A3956D46DE8}") = "Infrastructure", "Infrastructure", "{E263FF97-9550-41C6-97A2-51E96E647B2D}"
EndProject
Project("{FAE04EC0-301F-11D3-BF4B-00C04F79EFBC}") = "DDD.Infrastructure", "DDD.Infrastructure\DDD.Infrastructure.csproj", "{DACF02CB-D240-4F06-A817-B5760C005012}"
EndProject
Project("{2150E333-8FDC-42A3-9474-1A3956D46DE8}") = "App", "App", "{6CDE7D0F-DF09-4B8B-9F02-014226E1F0E6}"
EndProject
Project("{FAE04EC0-301F-11D3-BF4B-00C04F79EFBC}") = "DDD.Application", "DDD.Application\DDD.Application.csproj", "{1F382552-4542-4ED0-BFED-88922311E38E}"
EndProject
Project("{2150E333-8FDC-42A3-9474-1A3956D46DE8}") = "API", "API", "{00781220-880C-4D96-948F-F25297DD245C}"
EndProject
Project("{2150E333-8FDC-42A3-9474-1A3956D46DE8}") = "SQL", "SQL", "{8AF52AF1-B559-47D4-BB5C-904CD8534491}"
	ProjectSection(SolutionItems) = preProject
		Inserts_for_testing.sql = Inserts_for_testing.sql
	EndProjectSection
EndProject
Global
	GlobalSection(SolutionConfigurationPlatforms) = preSolution
		Debug|Any CPU = Debug|Any CPU
		Release|Any CPU = Release|Any CPU
	EndGlobalSection
	GlobalSection(ProjectConfigurationPlatforms) = postSolution
		{226E123A-6DAF-46EB-817B-3C5351F423BB}.Debug|Any CPU.ActiveCfg = Debug|Any CPU
		{226E123A-6DAF-46EB-817B-3C5351F423BB}.Debug|Any CPU.Build.0 = Debug|Any CPU
		{226E123A-6DAF-46EB-817B-3C5351F423BB}.Release|Any CPU.ActiveCfg = Release|Any CPU
		{226E123A-6DAF-46EB-817B-3C5351F423BB}.Release|Any CPU.Build.0 = Release|Any CPU
		{D4E38B01-FD06-4EFA-A9D6-2D9D690847AB}.Debug|Any CPU.ActiveCfg = Debug|Any CPU
		{D4E38B01-FD06-4EFA-A9D6-2D9D690847AB}.Debug|Any CPU.Build.0 = Debug|Any CPU
		{D4E38B01-FD06-4EFA-A9D6-2D9D690847AB}.Release|Any CPU.ActiveCfg = Release|Any CPU
		{D4E38B01-FD06-4EFA-A9D6-2D9D690847AB}.Release|Any CPU.Build.0 = Release|Any CPU
		{8A1215B4-0DC2-46EA-86B4-A8B17F9DE1DC}.Debug|Any CPU.ActiveCfg = Debug|Any CPU
		{8A1215B4-0DC2-46EA-86B4-A8B17F9DE1DC}.Debug|Any CPU.Build.0 = Debug|Any CPU
		{8A1215B4-0DC2-46EA-86B4-A8B17F9DE1DC}.Release|Any CPU.ActiveCfg = Release|Any CPU
		{8A1215B4-0DC2-46EA-86B4-A8B17F9DE1DC}.Release|Any CPU.Build.0 = Release|Any CPU
		{DACF02CB-D240-4F06-A817-B5760C005012}.Debug|Any CPU.ActiveCfg = Debug|Any CPU
		{DACF02CB-D240-4F06-A817-B5760C005012}.Debug|Any CPU.Build.0 = Debug|Any CPU
		{DACF02CB-D240-4F06-A817-B5760C005012}.Release|Any CPU.ActiveCfg = Release|Any CPU
		{DACF02CB-D240-4F06-A817-B5760C005012}.Release|Any CPU.Build.0 = Release|Any CPU
		{1F382552-4542-4ED0-BFED-88922311E38E}.Debug|Any CPU.ActiveCfg = Debug|Any CPU
		{1F382552-4542-4ED0-BFED-88922311E38E}.Debug|Any CPU.Build.0 = Debug|Any CPU
		{1F382552-4542-4ED0-BFED-88922311E38E}.Release|Any CPU.ActiveCfg = Release|Any CPU
		{1F382552-4542-4ED0-BFED-88922311E38E}.Release|Any CPU.Build.0 = Release|Any CPU
	EndGlobalSection
	GlobalSection(SolutionProperties) = preSolution
		HideSolutionNode = FALSE
	EndGlobalSection
	GlobalSection(NestedProjects) = preSolution
		{226E123A-6DAF-46EB-817B-3C5351F423BB} = {00781220-880C-4D96-948F-F25297DD245C}
		{703CCE44-02DF-4E7D-B455-8D44F64EDDB6} = {394BDB71-8054-49AD-A81D-D75BE296E8B3}
		{D4E38B01-FD06-4EFA-A9D6-2D9D690847AB} = {703CCE44-02DF-4E7D-B455-8D44F64EDDB6}
		{8A1215B4-0DC2-46EA-86B4-A8B17F9DE1DC} = {703CCE44-02DF-4E7D-B455-8D44F64EDDB6}
		{E263FF97-9550-41C6-97A2-51E96E647B2D} = {394BDB71-8054-49AD-A81D-D75BE296E8B3}
		{DACF02CB-D240-4F06-A817-B5760C005012} = {E263FF97-9550-41C6-97A2-51E96E647B2D}
		{6CDE7D0F-DF09-4B8B-9F02-014226E1F0E6} = {394BDB71-8054-49AD-A81D-D75BE296E8B3}
		{1F382552-4542-4ED0-BFED-88922311E38E} = {6CDE7D0F-DF09-4B8B-9F02-014226E1F0E6}
		{00781220-880C-4D96-948F-F25297DD245C} = {394BDB71-8054-49AD-A81D-D75BE296E8B3}
		{8AF52AF1-B559-47D4-BB5C-904CD8534491} = {394BDB71-8054-49AD-A81D-D75BE296E8B3}
	EndGlobalSection
	GlobalSection(ExtensibilityGlobals) = postSolution
		SolutionGuid = {829BB879-6706-4023-B484-99BE0CF36196}
	EndGlobalSection
EndGlobal
